
Microsoft Visual Studio Solution File, Format Version 12.00
# Visual Studio Version 16
VisualStudioVersion = 16.0.32602.291
MinimumVisualStudioVersion = 10.0.40219.1
Project("{FAE04EC0-301F-11D3-BF4B-00C04F79EFBC}") = "BookStoreAdo.NetProject", "BookStoreAdo.NetProject\BookStoreAdo.NetProject.csproj", "{039C64DC-B463-410E-BD87-09AD452E6684}"
EndProject
Project("{FAE04EC0-301F-11D3-BF4B-00C04F79EFBC}") = "BLL", "BLL\BLL.csproj", "{4BCF35D9-6D06-413C-A786-5C2F4E4F682F}"
EndProject
Project("{FAE04EC0-301F-11D3-BF4B-00C04F79EFBC}") = "DLL", "DLL\DLL.csproj", "{F6DBE0AB-82B4-492B-B089-159134875EFF}"
EndProject
Global
	GlobalSection(SolutionConfigurationPlatforms) = preSolution
		Debug|Any CPU = Debug|Any CPU
		Release|Any CPU = Release|Any CPU
	EndGlobalSection
	GlobalSection(ProjectConfigurationPlatforms) = postSolution
		{039C64DC-B463-410E-BD87-09AD452E6684}.Debug|Any CPU.ActiveCfg = Debug|Any CPU
		{039C64DC-B463-410E-BD87-09AD452E6684}.Debug|Any CPU.Build.0 = Debug|Any CPU
		{039C64DC-B463-410E-BD87-09AD452E6684}.Release|Any CPU.ActiveCfg = Release|Any CPU
		{039C64DC-B463-410E-BD87-09AD452E6684}.Release|Any CPU.Build.0 = Release|Any CPU
		{4BCF35D9-6D06-413C-A786-5C2F4E4F682F}.Debug|Any CPU.ActiveCfg = Debug|Any CPU
		{4BCF35D9-6D06-413C-A786-5C2F4E4F682F}.Debug|Any CPU.Build.0 = Debug|Any CPU
		{4BCF35D9-6D06-413C-A786-5C2F4E4F682F}.Release|Any CPU.ActiveCfg = Release|Any CPU
		{4BCF35D9-6D06-413C-A786-5C2F4E4F682F}.Release|Any CPU.Build.0 = Release|Any CPU
		{F6DBE0AB-82B4-492B-B089-159134875EFF}.Debug|Any CPU.ActiveCfg = Debug|Any CPU
		{F6DBE0AB-82B4-492B-B089-159134875EFF}.Debug|Any CPU.Build.0 = Debug|Any CPU
		{F6DBE0AB-82B4-492B-B089-159134875EFF}.Release|Any CPU.ActiveCfg = Release|Any CPU
		{F6DBE0AB-82B4-492B-B089-159134875EFF}.Release|Any CPU.Build.0 = Release|Any CPU
	EndGlobalSection
	GlobalSection(SolutionProperties) = preSolution
		HideSolutionNode = FALSE
	EndGlobalSection
	GlobalSection(ExtensibilityGlobals) = postSolution
		SolutionGuid = {464740F3-37D9-421F-8186-E1B5C600A0E9}
	EndGlobalSection
EndGlobal
